{
    "_readme": [
        "This file locks the dependencies of your project to a known state",
        "Read more about it at https://getcomposer.org/doc/01-basic-usage.md#installing-dependencies",
        "This file is @generated automatically"
    ],
    "content-hash": "b9003044ce161d65e63549f6653788ff",
    "packages": [
        {
            "name": "nazonohito51/require-path-fixer",
            "version": "v0.2.1",
            "source": {
                "type": "git",
                "url": "https://github.com/nazonohito51/require-path-fixer.git",
                "reference": "6dd989cf9e588b263884108c75d9b351ce05bfee"
            },
            "dist": {
                "type": "zip",
                "url": "https://api.github.com/repos/nazonohito51/require-path-fixer/zipball/6dd989cf9e588b263884108c75d9b351ce05bfee",
                "reference": "6dd989cf9e588b263884108c75d9b351ce05bfee",
                "shasum": ""
            },
            "require": {
                "php": ">=5.3.3",
                "phplucidframe/console-table": "^1.2",
                "symfony/finder": "^2.6",
                "webmozart/path-util": "^2.3"
            },
            "require-dev": {
                "mockery/mockery": "*",
                "phpunit/phpunit": "*"
            },
            "type": "library",
            "autoload": {
                "psr-4": {
                    "RequirePathFixer\\": "src/"
                }
            },
            "notification-url": "https://packagist.org/downloads/",
            "license": [
                "MIT"
            ],
            "authors": [
                {
                    "name": "kawashima",
                    "email": "nazonohito51@gmail.com"
                }
            ],
            "description": "Fix require/include path",
            "support": {
                "issues": "https://github.com/nazonohito51/require-path-fixer/issues",
                "source": "https://github.com/nazonohito51/require-path-fixer/tree/master"
            },
            "time": "2018-05-15T07:16:23+00:00"
        },
        {
            "name": "phplucidframe/console-table",
            "version": "v1.2.4",
            "source": {
                "type": "git",
                "url": "https://github.com/phplucidframe/console-table.git",
                "reference": "a973d911af96f3db42fca92cbeb1f473c9ad505e"
            },
            "dist": {
                "type": "zip",
                "url": "https://api.github.com/repos/phplucidframe/console-table/zipball/a973d911af96f3db42fca92cbeb1f473c9ad505e",
                "reference": "a973d911af96f3db42fca92cbeb1f473c9ad505e",
                "shasum": ""
            },
            "require": {
                "php": ">=5.3"
            },
            "require-dev": {
                "phpunit/phpunit": "*"
            },
            "type": "library",
            "autoload": {
                "psr-0": {
                    "LucidFrame\\": "src/",
                    "LucidFrameTest\\": "tests/"
                }
            },
            "notification-url": "https://packagist.org/downloads/",
            "license": [
                "MIT"
            ],
            "authors": [
                {
                    "name": "Sithu K.",
                    "email": "cithukyaw@gmail.com"
                }
            ],
            "description": "Console Table",
            "support": {
                "issues": "https://github.com/phplucidframe/console-table/issues",
                "source": "https://github.com/phplucidframe/console-table/tree/v1.2.4"
            },
            "time": "2019-03-03T12:17:32+00:00"
        },
        {
            "name": "symfony/finder",
            "version": "v2.8.52",
            "source": {
                "type": "git",
                "url": "https://github.com/symfony/finder.git",
                "reference": "1444eac52273e345d9b95129bf914639305a9ba4"
            },
            "dist": {
                "type": "zip",
                "url": "https://api.github.com/repos/symfony/finder/zipball/1444eac52273e345d9b95129bf914639305a9ba4",
                "reference": "1444eac52273e345d9b95129bf914639305a9ba4",
                "shasum": ""
            },
            "require": {
                "php": ">=5.3.9"
            },
            "type": "library",
            "extra": {
                "branch-alias": {
                    "dev-master": "2.8-dev"
                }
            },
            "autoload": {
                "psr-4": {
                    "Symfony\\Component\\Finder\\": ""
                },
                "exclude-from-classmap": [
                    "/Tests/"
                ]
            },
            "notification-url": "https://packagist.org/downloads/",
            "license": [
                "MIT"
            ],
            "authors": [
                {
                    "name": "Fabien Potencier",
                    "email": "fabien@symfony.com"
                },
                {
                    "name": "Symfony Community",
                    "homepage": "https://symfony.com/contributors"
                }
            ],
            "description": "Symfony Finder Component",
            "homepage": "https://symfony.com",
            "support": {
                "source": "https://github.com/symfony/finder/tree/v2.8.50"
            },
            "time": "2018-11-11T11:18:13+00:00"
        },
        {
            "name": "webmozart/assert",
            "version": "1.11.0",
            "source": {
                "type": "git",
                "url": "https://github.com/webmozarts/assert.git",
                "reference": "11cb2199493b2f8a3b53e7f19068fc6aac760991"
            },
            "dist": {
                "type": "zip",
                "url": "https://api.github.com/repos/webmozarts/assert/zipball/11cb2199493b2f8a3b53e7f19068fc6aac760991",
                "reference": "11cb2199493b2f8a3b53e7f19068fc6aac760991",
                "shasum": ""
            },
            "require": {
                "ext-ctype": "*",
                "php": "^7.2 || ^8.0"
            },
            "conflict": {
                "phpstan/phpstan": "<0.12.20",
                "vimeo/psalm": "<4.6.1 || 4.6.2"
            },
            "require-dev": {
                "phpunit/phpunit": "^8.5.13"
            },
            "type": "library",
            "extra": {
                "branch-alias": {
                    "dev-master": "1.10-dev"
                }
            },
            "autoload": {
                "psr-4": {
                    "Webmozart\\Assert\\": "src/"
                }
            },
            "notification-url": "https://packagist.org/downloads/",
            "license": [
                "MIT"
            ],
            "authors": [
                {
                    "name": "Bernhard Schussek",
                    "email": "bschussek@gmail.com"
                }
            ],
            "description": "Assertions to validate method input/output with nice error messages.",
            "keywords": [
                "assert",
                "check",
                "validate"
            ],
            "support": {
                "issues": "https://github.com/webmozarts/assert/issues",
                "source": "https://github.com/webmozarts/assert/tree/1.11.0"
            },
            "time": "2022-06-03T18:03:27+00:00"
        },
        {
            "name": "webmozart/path-util",
            "version": "2.3.0",
            "source": {
                "type": "git",
                "url": "https://github.com/webmozart/path-util.git",
                "reference": "d939f7edc24c9a1bb9c0dee5cb05d8e859490725"
            },
            "dist": {
                "type": "zip",
                "url": "https://api.github.com/repos/webmozart/path-util/zipball/d939f7edc24c9a1bb9c0dee5cb05d8e859490725",
                "reference": "d939f7edc24c9a1bb9c0dee5cb05d8e859490725",
                "shasum": ""
            },
            "require": {
                "php": ">=5.3.3",
                "webmozart/assert": "~1.0"
            },
            "require-dev": {
                "phpunit/phpunit": "^4.6",
                "sebastian/version": "^1.0.1"
            },
            "type": "library",
            "extra": {
                "branch-alias": {
                    "dev-master": "2.3-dev"
                }
            },
            "autoload": {
                "psr-4": {
                    "Webmozart\\PathUtil\\": "src/"
                }
            },
            "notification-url": "https://packagist.org/downloads/",
            "license": [
                "MIT"
            ],
            "authors": [
                {
                    "name": "Bernhard Schussek",
                    "email": "bschussek@gmail.com"
                }
            ],
            "description": "A robust cross-platform utility for normalizing, comparing and modifying file paths.",
            "support": {
                "issues": "https://github.com/webmozart/path-util/issues",
                "source": "https://github.com/webmozart/path-util/tree/2.3.0"
            },
            "abandoned": "symfony/filesystem",
            "time": "2015-12-17T08:42:14+00:00"
        }
    ],
    "packages-dev": [],
    "aliases": [],
    "minimum-stability": "stable",
    "stability-flags": [],
    "prefer-stable": false,
    "prefer-lowest": false,
    "platform": [],
    "platform-dev": [],
    "plugin-api-version": "2.3.0"
}
